# This file is autogenerated, do not edit; changes may be undone by the next 'dep ensure'.


[[projects]]
  digest = "1:810877b7671b9453eac548fb4761ec4e9ab2e88681aaf7a4963b66aa42f9f9be"
  name = "github.com/Azure/azure-sdk-for-go"
  packages = [
    "services/network/mgmt/2019-09-01/network",
    "services/resources/mgmt/2019-05-01/resources",
    "version",
  ]
  pruneopts = "UT"
  revision = "6355969b31502e528a7534fbdcd7cad04496a5fd"
  version = "v36.1.0"

[[projects]]
  digest = "1:6a638b1a468a4a8b67fc80ae6a075811a932c6aea327cc28b3ef3a29fba31f4a"
  name = "github.com/Azure/go-autorest"
  packages = [
    "autorest",
    "autorest/adal",
    "autorest/azure",
    "autorest/azure/auth",
    "autorest/azure/cli",
    "autorest/date",
    "autorest/to",
    "autorest/validation",
    "logger",
    "tracing",
  ]
  pruneopts = "UT"
  revision = "3492b2aff5036c67228ab3c7dba3577c871db200"
  version = "v13.3.0"

[[projects]]
  digest = "1:ffe9824d294da03b391f44e1ae8281281b4afc1bdaa9588c9097785e3af10cec"
  name = "github.com/davecgh/go-spew"
  packages = ["spew"]
  pruneopts = "UT"
  revision = "8991bc29aa16c548c550c7ff78260e27b9ab7c73"
  version = "v1.1.1"

[[projects]]
  digest = "1:76dc72490af7174349349838f2fe118996381b31ea83243812a97e5a0fd5ed55"
  name = "github.com/dgrijalva/jwt-go"
  packages = ["."]
  pruneopts = "UT"
  revision = "06ea1031745cb8b3dab3f6a236daf2b0aa468b7e"
  version = "v3.2.0"

[[projects]]
  digest = "1:cf0d2e435fd4ce45b789e93ef24b5f08e86be0e9807a16beb3694e2d8c9af965"
  name = "github.com/dimchansky/utfbom"
  packages = ["."]
  pruneopts = "UT"
  revision = "d2133a1ce379ef6fa992b0514a77146c60db9d1c"
  version = "v1.1.0"

[[projects]]
  digest = "1:f44d09e27cefd53e739b4469bc4e797164b86b9f4bece82dae2e1b17d52ec53d"
  name = "github.com/gruntwork-io/terratest"
  packages = [
    "modules/collections",
    "modules/customerrors",
    "modules/files",
    "modules/logger",
    "modules/retry",
    "modules/shell",
    "modules/ssh",
    "modules/terraform",
  ]
  pruneopts = "UT"
  revision = "95aa487d62187cd3dbaacdac2ea0a850b45d05fc"
  version = "v0.22.4"

[[projects]]
  digest = "1:5d231480e1c64a726869bc4142d270184c419749d34f167646baa21008eb0a79"
  name = "github.com/mitchellh/go-homedir"
  packages = ["."]
  pruneopts = "UT"
  revision = "af06845cf3004701891bf4fdb884bfe4920b3727"
  version = "v1.1.0"

[[projects]]
  digest = "1:0028cb19b2e4c3112225cd871870f2d9cf49b9b4276531f03438a88e94be86fe"
  name = "github.com/pmezard/go-difflib"
  packages = ["difflib"]
  pruneopts = "UT"
  revision = "792786c7400a136282c1664665ae0a8db921c6c2"
  version = "v1.0.0"

[[projects]]
  digest = "1:99d32780e5238c2621fff621123997c3e3cca96db8be13179013aea77dfab551"
  name = "github.com/stretchr/testify"
  packages = [
    "assert",
    "require",
  ]
  pruneopts = "UT"
  revision = "221dbe5ed46703ee255b1da0dec05086f5035f62"
  version = "v1.4.0"

[[projects]]
  branch = "master"
  digest = "1:ee0e27fe382a9dd6bca66294801eb2c7f996381b9c985460bc514bcc0069f376"
  name = "golang.org/x/crypto"
  packages = [
    "curve25519",
    "ed25519",
    "ed25519/internal/edwards25519",
    "internal/chacha20",
    "internal/subtle",
    "pkcs12",
    "pkcs12/internal/rc2",
    "poly1305",
    "ssh",
    "ssh/agent",
  ]
  pruneopts = "UT"
  revision = "ed6320f186d4e69b2ba748dd0084746281301a8e"

[[projects]]
  branch = "master"
  digest = "1:76ee51c3f468493aff39dbacc401e8831fbb765104cbf613b89bef01cf4bad70"
  name = "golang.org/x/net"
  packages = ["context"]
  pruneopts = "UT"
  revision = "daa7c04131f568e31c51927b359a2d197a357058"

[[projects]]
  branch = "master"
  digest = "1:95abab3e07422980e85e253e49eb75c05c1dee6e84b50cb0d3353747ef8099eb"
  name = "golang.org/x/sys"
  packages = ["cpu"]
  pruneopts = "UT"
  revision = "d32e6e3b99c40f2bfaea45ea9596ed539eed1c0d"

[[projects]]
  digest = "1:f26a5d382387e03a40d1471dddfba85dfff9bf05352d7e42d37612677c4d3c5c"
  name = "gopkg.in/yaml.v2"
  packages = ["."]
  pruneopts = "UT"
  revision = "f90ceb4f409096b60e2e9076b38b304b8246e5fa"
  version = "v2.2.5"

[solve-meta]
  analyzer-name = "dep"
  analyzer-version = 1
  input-imports = [
    "github.com/Azure/azure-sdk-for-go/services/network/mgmt/2019-09-01/network",
    "github.com/Azure/azure-sdk-for-go/services/resources/mgmt/2019-05-01/resources",
    "github.com/Azure/go-autorest/autorest/azure/auth",
    "github.com/gruntwork-io/terratest/modules/terraform",
  ]
  solver-name = "gps-cdcl"
  solver-version = 1
